Microsoft Visual Studio Solution File, Format Version 12.00
# Visual Studio 2012
Project("{FAE04EC0-301F-11D3-BF4B-00C04F79EFBC}") = "CMGT-Jam-BlockA-2024", "CMGT-Jam-BlockA-2024.csproj", "{8604B4BC-F403-4732-9FC2-73317233969D}"
EndProject
Global
	GlobalSection(SolutionConfigurationPlatforms) = preSolution
	Debug|Any CPU = Debug|Any CPU
	ExportDebug|Any CPU = ExportDebug|Any CPU
	ExportRelease|Any CPU = ExportRelease|Any CPU
	EndGlobalSection
	GlobalSection(ProjectConfigurationPlatforms) = postSolution
		{8604B4BC-F403-4732-9FC2-73317233969D}.Debug|Any CPU.ActiveCfg = Debug|Any CPU
		{8604B4BC-F403-4732-9FC2-73317233969D}.Debug|Any CPU.Build.0 = Debug|Any CPU
		{8604B4BC-F403-4732-9FC2-73317233969D}.ExportDebug|Any CPU.ActiveCfg = ExportDebug|Any CPU
		{8604B4BC-F403-4732-9FC2-73317233969D}.ExportDebug|Any CPU.Build.0 = ExportDebug|Any CPU
		{8604B4BC-F403-4732-9FC2-73317233969D}.ExportRelease|Any CPU.ActiveCfg = ExportRelease|Any CPU
		{8604B4BC-F403-4732-9FC2-73317233969D}.ExportRelease|Any CPU.Build.0 = ExportRelease|Any CPU
	EndGlobalSection
EndGlobal
